{
  "name": "run-lua-in-browser",
  "version": "1.0.0",
  "lockfileVersion": 3,
  "requires": true,
  "packages": {
    "": {
      "name": "run-lua-in-browser",
      "version": "1.0.0",
      "license": "ISC",
      "dependencies": {
        "wasmoon": "^1.15.1"
      }
    },
    "node_modules/@types/emscripten": {
      "version": "1.39.9",
      "resolved": "https://registry.npmjs.org/@types/emscripten/-/emscripten-1.39.9.tgz",
      "integrity": "sha512-ILdWj4XYtNOqxJaW22NEQx2gJsLfV5ncxYhhGX1a1H1lXl2Ta0gUz7QOnOoF1xQbJwWDjImi8gXN9mKdIf6n9g=="
    },
    "node_modules/wasmoon": {
      "version": "1.15.1",
      "resolved": "https://registry.npmjs.org/wasmoon/-/wasmoon-1.15.1.tgz",
      "integrity": "sha512-8q/fCMR8OMZa1xlUk8oLR9t0rnkQttgEfVyNe5HsVzY0Uksc6xH1yfvOYT/ym+Y3aSspAFLxXtmRI68CSZR56g==",
      "dependencies": {
        "@types/emscripten": "1.39.9"
      },
      "bin": {
        "wasmoon": "bin/wasmoon"
      }
    }
  }
}
